
Microsoft Visual Studio Solution File, Format Version 12.00
# Visual Studio Version 16
VisualStudioVersion = 16.0.29709.97
MinimumVisualStudioVersion = 10.0.40219.1
Project("{888888A0-9F3D-457C-B088-3A5042F75D52}") = "natural-language-processing-python", "natural-language-processing-python\natural-language-processing-python.pyproj", "{B71E4DCF-687F-4638-8753-6AEA1EFBE342}"
EndProject
Global
	GlobalSection(SolutionConfigurationPlatforms) = preSolution
		Debug|Any CPU = Debug|Any CPU
		Release|Any CPU = Release|Any CPU
	EndGlobalSection
	GlobalSection(ProjectConfigurationPlatforms) = postSolution
		{B71E4DCF-687F-4638-8753-6AEA1EFBE342}.Debug|Any CPU.ActiveCfg = Debug|Any CPU
		{B71E4DCF-687F-4638-8753-6AEA1EFBE342}.Release|Any CPU.ActiveCfg = Release|Any CPU
	EndGlobalSection
	GlobalSection(SolutionProperties) = preSolution
		HideSolutionNode = FALSE
	EndGlobalSection
	GlobalSection(ExtensibilityGlobals) = postSolution
		SolutionGuid = {3D6181AA-2992-4F0B-9DCC-B43B70D77FFC}
	EndGlobalSection
EndGlobal
